version = 1
revision = 3
requires-python = ">=3.14"

[[package]]
name = "cachetools"
version = "7.1.4"
source = { registry = "https://pypi.org/simple" }
sdist = { url = "https://files.pythonhosted.org/packages/f4/8b/0d3945a13955303b81272f759a0331e54c5c793da455e6f5706b89d2639c/cachetools-7.1.4.tar.gz", hash = "sha256:437f55a4e0c1b01a4f3077cc470e6991d47430970e36fbcb77e2be0df4fc1cd6", size = 40085, upload-time = "2026-05-21T22:40:43.376Z" }
wheels = [
    { url = "https://files.pythonhosted.org/packages/8c/7b/1fc1c09cc0756cf25861a3be10565915953876da48bb228fb9a672b20a42/cachetools-7.1.4-py3-none-any.whl", hash = "sha256:323dc4127934744db5b54eb4924482d7edafbf9554e820d1531c2e08c0e4ef54", size = 16761, upload-time = "2026-05-21T22:40:41.845Z" },
]

[[package]]
name = "colorama"
version = "0.4.6"
source = { registry = "https://pypi.org/simple" }
sdist = { url = "https://files.pythonhosted.org/packages/d8/53/6f443c9a4a8358a93a6792e2acffb9d9d5cb0a5cfd8802644b7b1c9a02e4/colorama-0.4.6.tar.gz", hash = "sha256:08695f5cb7ed6e0531a20572697297273c47b8cae5a63ffc6d6ed5c201be6e44", size = 27697, upload-time = "2022-10-25T02:36:22.414Z" }
wheels = [
    { url = "https://files.pythonhosted.org/packages/d1/d6/3965ed04c63042e047cb6a3e6ed1a63a35087b6a609aa3a15ed8ac56c221/colorama-0.4.6-py2.py3-none-any.whl", hash = "sha256:4f1d9991f5acc0ca119f9d443620b77f9d6b33703e51011c16baf57afb285fc6", size = 25335, upload-time = "2022-10-25T02:36:20.889Z" },
]

[[package]]
name = "coverage"
version = "7.15.2"
source = { registry = "https://pypi.org/simple" }
sdist = { url = "https://files.pythonhosted.org/packages/76/d0/55fe630f4cf94e3fcba868240fad8c8cdd1f764e2a932f8926347e6ec4cd/coverage-7.15.2.tar.gz", hash = "sha256:3df60dc267f0a2ca23cb7a9ab1109c62b9335ffbf519fcfe167157c28c09b81d", size = 927741, upload-time = "2026-07-15T18:56:19.558Z" }
wheels = [
    { url = "https://files.pythonhosted.org/packages/81/5f/aed265fd7a3551a394f36dfe41868aee709b7f95db4052205b4ad1563ac3/coverage-7.15.2-cp314-cp314-macosx_10_15_x86_64.whl", hash = "sha256:40f633c5c5fc783732f6312280122e859538fa24461235597c13d803ea9a108a", size = 221650, upload-time = "2026-07-15T18:55:14.527Z" },
    { url = "https://files.pythonhosted.org/packages/6b/2c/222ba12a545189017120f8eddfc1a0bd4616b47d5d4a8d99421edb2fe4c6/coverage-7.15.2-cp314-cp314-macosx_11_0_arm64.whl", hash = "sha256:075560438765b7a2ef43bf7aa7758661b53d889df47f062a31bda6c1ade553a2", size = 221988, upload-time = "2026-07-15T18:55:16.674Z" },
    { url = "https://files.pythonhosted.org/packages/aa/38/304b5877ab46e6c290b4292cfcf3fe28245f0e5597cad7f6acc91fc7e0a4/coverage-7.15.2-cp314-cp314-manylinux1_i686.manylinux_2_28_i686.manylinux_2_5_i686.whl", hash = "sha256:25fd15dd40a0a2c51a500d664ca29053c09c3259d998407bf982b6e114696138", size = 253029, upload-time = "2026-07-15T18:55:18.856Z" },
    { url = "https://files.pythonhosted.org/packages/6c/58/821b533b8db9e44cf1d8a97bd525149ced40dde1d0093da02cb78e715244/coverage-7.15.2-cp314-cp314-manylinux1_x86_64.manylinux_2_28_x86_64.manylinux_2_5_x86_64.whl", hash = "sha256:b9a6367e4aff723e8ee8190836836124284e8fcd4265e307c844010cfa074f3f", size = 255536, upload-time = "2026-07-15T18:55:21.027Z" },
    { url = "https://files.pythonhosted.org/packages/f1/f2/7aa06604c389d32ea7f0a6a988359a7eafc3cd3f8e7bc2e88cd2fdf0b877/coverage-7.15.2-cp314-cp314-manylinux2014_aarch64.manylinux_2_17_aarch64.manylinux_2_28_aarch64.whl", hash = "sha256:9854ca62c152874b2060772503535be2e8f53f70b8aaa7686b094888d872f984", size = 256881, upload-time = "2026-07-15T18:55:23.125Z" },
    { url = "https://files.pythonhosted.org/packages/a2/4f/1ef342339c7916d0096bc5888cc0f653882cc7bc8f897d5cb89143287c9b/coverage-7.15.2-cp314-cp314-manylinux2014_ppc64le.manylinux_2_17_ppc64le.manylinux_2_28_ppc64le.whl", hash = "sha256:913b6c56e110da40e035bbd168353bf7aaa2544a5eaccea5d98a4629aac156c7", size = 259196, upload-time = "2026-07-15T18:55:25.099Z" },
    { url = "https://files.pythonhosted.org/packages/fe/f4/7ed055d7a9c5ec13b161773a115a5ccc6b0081d568c31fad830806306cc7/coverage-7.15.2-cp314-cp314-manylinux_2_31_riscv64.manylinux_2_39_riscv64.whl", hash = "sha256:aaccad4129d735a8a4d526f26929894c9a4e8ef7034566f210b176749d6906e3", size = 253036, upload-time = "2026-07-15T18:55:27.018Z" },
    { url = "https://files.pythonhosted.org/packages/14/79/ea82cca18c242a3a38b6c017da39726aa62dcb64aa635abf79b92009975c/coverage-7.15.2-cp314-cp314-musllinux_1_2_aarch64.whl", hash = "sha256:a164b50081fc7357331c4024ef4d17b78ba325f8380d05f5a69599a7e05257ee", size = 254887, upload-time = "2026-07-15T18:55:29.084Z" },
    { url = "https://files.pythonhosted.org/packages/a4/ba/a136db3c0d9562b00e10b72540dbf3a33cd3bc5b95060c9308e247494623/coverage-7.15.2-cp314-cp314-musllinux_1_2_i686.whl", hash = "sha256:bfd341ccf78128e72c094bc70cc25b3ef309c33c7c2c66ba3ed4309549e02de1", size = 252852, upload-time = "2026-07-15T18:55:31.184Z" },
    { url = "https://files.pythonhosted.org/packages/17/17/ea334246b16b7d059953fad6fdefa11e33c68efbd3fe37b1098120a1fac2/coverage-7.15.2-cp314-cp314-musllinux_1_2_ppc64le.whl", hash = "sha256:1473b3ba8e7ee0f076117b1a72c23f579a2b9e2bb742f48a8d86ea27ca93f91a", size = 257128, upload-time = "2026-07-15T18:55:33.163Z" },
    { url = "https://files.pythonhosted.org/packages/ed/c3/074fb66d46d607855f710876b117cbda562c5ab08363528e78820449f937/coverage-7.15.2-cp314-cp314-musllinux_1_2_riscv64.whl", hash = "sha256:17c432b5f73ad52ef46fb06019f6fa7c66ce381961cf0f7dfd1d3a4bd3a98145", size = 252668, upload-time = "2026-07-15T18:55:35.063Z" },
    { url = "https://files.pythonhosted.org/packages/e1/c1/f620850ada9b36435921c9a3a8057013422b1d964eb4bf37fe138724d192/coverage-7.15.2-cp314-cp314-musllinux_1_2_x86_64.whl", hash = "sha256:77f0ef5011df53a4bd1b35211ab122287f8d9b8d7aa1c4553e5c2deb24b1d446", size = 254325, upload-time = "2026-07-15T18:55:37.125Z" },
    { url = "https://files.pythonhosted.org/packages/cc/31/a729ca3689404493af82ef8e6ff70bd88bdda8da89aeef6ca9b387aeb2b4/coverage-7.15.2-cp314-cp314-win32.whl", hash = "sha256:f653e5d7248c1191ec988a85c72edeab46c3ff44f90639a4ed4874ec0be90243", size = 223844, upload-time = "2026-07-15T18:55:39.078Z" },
    { url = "https://files.pythonhosted.org/packages/c6/83/5d809dc808fb1698c671f3e372259bb9158e64b7ea526fc6ab7de64de9fe/coverage-7.15.2-cp314-cp314-win_amd64.whl", hash = "sha256:9911f31aad8906abe337c271343485cf20df5e70df5d2f57f9f136e7b55f26bc", size = 224331, upload-time = "2026-07-15T18:55:41.346Z" },
    { url = "https://files.pythonhosted.org/packages/16/4e/35e488548e952795829e129995c4174df33bf432b591d1aa42c8d9e4e7ad/coverage-7.15.2-cp314-cp314-win_arm64.whl", hash = "sha256:e38def96ad59853824c97953fdcd2c320a84ba3ce99b417db78af8bb6c3db635", size = 223760, upload-time = "2026-07-15T18:55:43.518Z" },
    { url = "https://files.pythonhosted.org/packages/ed/49/dd2c86cd6374038f6e415fb5bfb86db5218553209c081384a020369dee79/coverage-7.15.2-cp314-cp314t-macosx_10_15_x86_64.whl", hash = "sha256:835ec4e20b45f0a7f63ed78f94065aca00de033403df8377bfe8b9c6abc0a7be", size = 222384, upload-time = "2026-07-15T18:55:45.569Z" },
    { url = "https://files.pythonhosted.org/packages/d3/74/173ff17a1c0808e5a438f549f6f145d5ac7528f2791310b63523e3200ac7/coverage-7.15.2-cp314-cp314t-macosx_11_0_arm64.whl", hash = "sha256:7466cc7ab6dc0db871d264bf99e8779f0917ee63d40730af0552f71535a6e072", size = 222647, upload-time = "2026-07-15T18:55:47.544Z" },
    { url = "https://files.pythonhosted.org/packages/84/f8/b8cba872162356fb44ac79c10309d987206a4461e32072fc29228dad7331/coverage-7.15.2-cp314-cp314t-manylinux1_i686.manylinux_2_28_i686.manylinux_2_5_i686.whl", hash = "sha256:e370c12133095ff18432de8c044962be85a5a96d90c6fcbce8e17e76236d2328", size = 264013, upload-time = "2026-07-15T18:55:49.768Z" },
    { url = "https://files.pythonhosted.org/packages/ee/67/a807a7586d0b8cae485308ddd55756f0806c92f8e0b411bacbf23c48edf3/coverage-7.15.2-cp314-cp314t-manylinux1_x86_64.manylinux_2_28_x86_64.manylinux_2_5_x86_64.whl", hash = "sha256:fe41909c9515c3bfdb5f02c4d1f857dba322d9a9a1178069b91eea77889df63a", size = 266135, upload-time = "2026-07-15T18:55:51.941Z" },
    { url = "https://files.pythonhosted.org/packages/ce/67/cd78771dc985f7e4ebdcc82b1a96d9a932af9e806f01f2f91a89f4c72e80/coverage-7.15.2-cp314-cp314t-manylinux2014_aarch64.manylinux_2_17_aarch64.manylinux_2_28_aarch64.whl", hash = "sha256:6aa28cfb6488e5453b5b762d65f73aa586380f6693a04d58078ce228a29b06c0", size = 268555, upload-time = "2026-07-15T18:55:54.065Z" },
    { url = "https://files.pythonhosted.org/packages/18/3e/10134cf81275188c58568f324fc74aedff32c63ca4d5bbc513a91944a6f0/coverage-7.15.2-cp314-cp314t-manylinux2014_ppc64le.manylinux_2_17_ppc64le.manylinux_2_28_ppc64le.whl", hash = "sha256:bcc0aae933921d03096f53b0b03eeb702129fd406dee59f08d2efacc68681fa5", size = 269674, upload-time = "2026-07-15T18:55:56.066Z" },
    { url = "https://files.pythonhosted.org/packages/75/4a/771b77de446cba985dc414bbc5844bd21604da05dbc044286df8318a48a7/coverage-7.15.2-cp314-cp314t-manylinux_2_31_riscv64.manylinux_2_39_riscv64.whl", hash = "sha256:7c63387e21ab21f512c69c9756a8c7dadd322c7275edb064064433c9a09c3743", size = 263101, upload-time = "2026-07-15T18:55:58.107Z" },
    { url = "https://files.pythonhosted.org/packages/5f/b5/70a7011da15f4071943361183aefa27847f3e3aec4fd335f1cb3d3a622b1/coverage-7.15.2-cp314-cp314t-musllinux_1_2_aarch64.whl", hash = "sha256:0e55510bc98ae943cece9e667a6c0fe94c6a92913720dea34243657a17993d0c", size = 266007, upload-time = "2026-07-15T18:56:00.468Z" },
    { url = "https://files.pythonhosted.org/packages/b4/0d/f9547e804ce7ad49646ffeffac26699510efbe6c0f751b66fdc960c4e825/coverage-7.15.2-cp314-cp314t-musllinux_1_2_i686.whl", hash = "sha256:2ff08701be2d1556fc78b326c80a3e8042da09352ecb3819105f8e386c8a3071", size = 263611, upload-time = "2026-07-15T18:56:02.615Z" },
    { url = "https://files.pythonhosted.org/packages/ac/59/f576a396659c0efd351f5c1544f67c3560e89c7761cabf7f65e412beeda5/coverage-7.15.2-cp314-cp314t-musllinux_1_2_ppc64le.whl", hash = "sha256:38c9518b7103826c403a461544e3c2e77151e8676d06eaed85911a97e962584a", size = 267344, upload-time = "2026-07-15T18:56:04.622Z" },
    { url = "https://files.pythonhosted.org/packages/7c/5d/c2e4fce3579c0cb635024293f1a32bbe26df101b3e3a69f22243d1352b6c/coverage-7.15.2-cp314-cp314t-musllinux_1_2_riscv64.whl", hash = "sha256:dee88b1ed88587abd8c0269a1fc1f4cc77f7750d1dfde2869e2a123af420e67d", size = 262456, upload-time = "2026-07-15T18:56:06.641Z" },
    { url = "https://files.pythonhosted.org/packages/bb/dd/956287d69436b66094bc4b57ac2da71e43bfd2a5524e958900b9f582fcf8/coverage-7.15.2-cp314-cp314t-musllinux_1_2_x86_64.whl", hash = "sha256:2fbeeeecea279727f8ac16c8e1133ddfeee793e985c86ae343d6a5ce744eef8c", size = 264771, upload-time = "2026-07-15T18:56:08.795Z" },
    { url = "https://files.pythonhosted.org/packages/2c/5a/6f979530c2734c575de77cf58f5f28d51f7123a94b5030fd9156fe5f363c/coverage-7.15.2-cp314-cp314t-win32.whl", hash = "sha256:cb0fddaa6884be6aae36ced9544b5e90f7d5f03845a2853bf47a14953a4e8688", size = 224151, upload-time = "2026-07-15T18:56:10.856Z" },
    { url = "https://files.pythonhosted.org/packages/54/7e/27f6b2a74d484742f4017553e710b01e396b23d809df3e95ca0bb9a2824b/coverage-7.15.2-cp314-cp314t-win_amd64.whl", hash = "sha256:77f091ea3a9cc611cd29f433565476bc1936c084ac8eee00ea0e7e70c27e4199", size = 224981, upload-time = "2026-07-15T18:56:12.928Z" },
    { url = "https://files.pythonhosted.org/packages/b1/48/284863423aa474240f6842bd00d680da22f4e6ea2e466618ef7c9c9e69a9/coverage-7.15.2-cp314-cp314t-win_arm64.whl", hash = "sha256:6fc448c377d6eeb00a47c673494bd9bae29280ca53987e1869e67ebedfe20658", size = 224294, upload-time = "2026-07-15T18:56:15.156Z" },
    { url = "https://files.pythonhosted.org/packages/ec/82/32e3bd191d498e64f6f911ad55d14006a0861e54869d2d32452326399e65/coverage-7.15.2-py3-none-any.whl", hash = "sha256:eb6bcae8d1a9d305351ecb108232441d11c5cfe9de840a04388ba5d2db8d735c", size = 213375, upload-time = "2026-07-15T18:56:17.305Z" },
]

[[package]]
name = "distlib"
version = "0.3.9"
source = { registry = "https://pypi.org/simple" }
sdist = { url = "https://files.pythonhosted.org/packages/0d/dd/1bec4c5ddb504ca60fc29472f3d27e8d4da1257a854e1d96742f15c1d02d/distlib-0.3.9.tar.gz", hash = "sha256:a60f20dea646b8a33f3e7772f74dc0b2d0772d2837ee1342a00645c81edf9403", size = 613923, upload-time = "2024-10-09T18:35:47.551Z" }
wheels = [
    { url = "https://files.pythonhosted.org/packages/91/a1/cf2472db20f7ce4a6be1253a81cfdf85ad9c7885ffbed7047fb72c24cf87/distlib-0.3.9-py2.py3-none-any.whl", hash = "sha256:47f8c22fd27c27e25a65601af709b38e4f0a45ea4fc2e710f65755fa8caaaf87", size = 468973, upload-time = "2024-10-09T18:35:44.272Z" },
]

[[package]]
name = "docutils"
version = "0.23"
source = { registry = "https://pypi.org/simple" }
sdist = { url = "https://files.pythonhosted.org/packages/39/a4/5180d9afc57e8fca05601dd652bdff19604c218814037fe90ffc7625a50a/docutils-0.23.tar.gz", hash = "sha256:746f5060322511280a1e50eb76846ed6bf2342984b2ac04dc42caa1a8d78799e", size = 2303823, upload-time = "2026-05-27T17:41:06.934Z" }
wheels = [
    { url = "https://files.pythonhosted.org/packages/32/91/30151a39f7570f448ed84529390628a651d7f27c87d73c9b887f8189695e/docutils-0.23-py3-none-any.whl", hash = "sha256:25d013af9bf23bc1c7b2b093dff4208166c53a94786c9e447808335ef1185fea", size = 634701, upload-time = "2026-05-27T17:40:58.442Z" },
]

[[package]]
name = "filelock"
version = "3.29.1"
source = { registry = "https://pypi.org/simple" }
sdist = { url = "https://files.pythonhosted.org/packages/1f/f9/f38573ed5844586db374d085911740a501ccfa373b455fc9413f09f85237/filelock-3.29.1.tar.gz", hash = "sha256:d97e6b1b9757569626c58caa07dc4beb1613f4a2938b1e8cc81afca398906c9e", size = 59335, upload-time = "2026-06-03T15:19:04.053Z" }
wheels = [
    { url = "https://files.pythonhosted.org/packages/4c/a0/614c5fe402fd88951df45f4dda2fa3b4e17a99ecd92340771929169b3b95/filelock-3.29.1-py3-none-any.whl", hash = "sha256:85199dfd706869641b72b2e8955d5416a4b2b7dc4b0e8e6d97b4cc1299a6983b", size = 40750, upload-time = "2026-06-03T15:19:02.959Z" },
]

[[package]]
name = "iniconfig"
version = "2.0.0"
source = { registry = "https://pypi.org/simple" }
sdist = { url = "https://files.pythonhosted.org/packages/d7/4b/cbd8e699e64a6f16ca3a8220661b5f83792b3017d0f79807cb8708d33913/iniconfig-2.0.0.tar.gz", hash = "sha256:2d91e135bf72d31a410b17c16da610a82cb55f6b0477d1a902134b24a455b8b3", size = 4646, upload-time = "2023-01-07T11:08:11.254Z" }
wheels = [
    { url = "https://files.pythonhosted.org/packages/ef/a6/62565a6e1cf69e10f5727360368e451d4b7f58beeac6173dc9db836a5b46/iniconfig-2.0.0-py3-none-any.whl", hash = "sha256:b6a85871a79d2e3b22d2d1b94ac2824226a63c6b741c88f7ae975f18b6778374", size = 5892, upload-time = "2023-01-07T11:08:09.864Z" },
]

[[package]]
name = "nodeenv"
version = "1.9.1"
source = { registry = "https://pypi.org/simple" }
sdist = { url = "https://files.pythonhosted.org/packages/43/16/fc88b08840de0e0a72a2f9d8c6bae36be573e475a6326ae854bcc549fc45/nodeenv-1.9.1.tar.gz", hash = "sha256:6ec12890a2dab7946721edbfbcd91f3319c6ccc9aec47be7c7e6b7011ee6645f", size = 47437, upload-time = "2024-06-04T18:44:11.171Z" }
wheels = [
    { url = "https://files.pythonhosted.org/packages/d2/1d/1b658dbd2b9fa9c4c9f32accbfc0205d532c8c6194dc0f2a4c0428e7128a/nodeenv-1.9.1-py2.py3-none-any.whl", hash = "sha256:ba11c9782d29c27c70ffbdda2d7415098754709be8a7056d79a737cd901155c9", size = 22314, upload-time = "2024-06-04T18:44:08.352Z" },
]

[[package]]
name = "packaging"
version = "26.2"
source = { registry = "https://pypi.org/simple" }
sdist = { url = "https://files.pythonhosted.org/packages/d7/f1/e7a6dd94a8d4a5626c03e4e99c87f241ba9e350cd9e6d75123f992427270/packaging-26.2.tar.gz", hash = "sha256:ff452ff5a3e828ce110190feff1178bb1f2ea2281fa2075aadb987c2fb221661", size = 228134, upload-time = "2026-04-24T20:15:23.917Z" }
wheels = [
    { url = "https://files.pythonhosted.org/packages/df/b2/87e62e8c3e2f4b32e5fe99e0b86d576da1312593b39f47d8ceef365e95ed/packaging-26.2-py3-none-any.whl", hash = "sha256:5fc45236b9446107ff2415ce77c807cee2862cb6fac22b8a73826d0693b0980e", size = 100195, upload-time = "2026-04-24T20:15:22.081Z" },
]

[[package]]
name = "platformdirs"
version = "4.10.0"
source = { registry = "https://pypi.org/simple" }
sdist = { url = "https://files.pythonhosted.org/packages/d7/47/e4501f49c178ae1d9f4a75073fda4204f52647993f075a9db4d14930e0c5/platformdirs-4.10.0.tar.gz", hash = "sha256:31e761a6a0ca04faf7353ea759bdba55652be214725111e5aac52dfa29d4bef7", size = 31224, upload-time = "2026-05-28T03:32:53.587Z" }
wheels = [
    { url = "https://files.pythonhosted.org/packages/81/e6/cd9575ac904136b3cbf7aa7ee819ef86eedb7274e46f230e94ea4342e729/platformdirs-4.10.0-py3-none-any.whl", hash = "sha256:fb516cdb12eb0d857d0cd85a7c57cea4d060bee4578d6cf5a14dfdf8cbf8784a", size = 22743, upload-time = "2026-05-28T03:32:52.175Z" },
]

[[package]]
name = "pluggy"
version = "1.6.0"
source = { registry = "https://pypi.org/simple" }
sdist = { url = "https://files.pythonhosted.org/packages/f9/e2/3e91f31a7d2b083fe6ef3fa267035b518369d9511ffab804f839851d2779/pluggy-1.6.0.tar.gz", hash = "sha256:7dcc130b76258d33b90f61b658791dede3486c3e6bfb003ee5c9bfb396dd22f3", size = 69412, upload-time = "2025-05-15T12:30:07.975Z" }
wheels = [
    { url = "https://files.pythonhosted.org/packages/54/20/4d324d65cc6d9205fabedc306948156824eb9f0ee1633355a8f7ec5c66bf/pluggy-1.6.0-py3-none-any.whl", hash = "sha256:e920276dd6813095e9377c0bc5566d94c932c33b27a3e3945d8389c374dd4746", size = 20538, upload-time = "2025-05-15T12:30:06.134Z" },
]

[[package]]
name = "praw-release"
version = "0.1.0"
source = { editable = "." }
dependencies = [
    { name = "docutils" },
    { name = "packaging" },
]

[package.dev-dependencies]
dev = [
    { name = "tox-uv" },
]
lint = [
    { name = "ruff" },
]
test = [
    { name = "coverage" },
    { name = "pytest" },
]
type = [
    { name = "pyright" },
    { name = "pytest" },
]

[package.metadata]
requires-dist = [
    { name = "docutils", specifier = ">=0.23" },
    { name = "packaging", specifier = ">=26.0" },
]

[package.metadata.requires-dev]
dev = [{ name = "tox-uv", specifier = ">=1.36.0" }]
lint = [{ name = "ruff", specifier = ">=0.16.1" }]
test = [
    { name = "coverage", specifier = ">=7.15.2" },
    { name = "pytest", specifier = ">=9.1.1" },
]
type = [
    { name = "pyright", specifier = ">=1.1.411" },
    { name = "pytest", specifier = ">=9.1.1" },
]

[[package]]
name = "pygments"
version = "2.20.0"
source = { registry = "https://pypi.org/simple" }
sdist = { url = "https://files.pythonhosted.org/packages/c3/b2/bc9c9196916376152d655522fdcebac55e66de6603a76a02bca1b6414f6c/pygments-2.20.0.tar.gz", hash = "sha256:6757cd03768053ff99f3039c1a36d6c0aa0b263438fcab17520b30a303a82b5f", size = 4955991, upload-time = "2026-03-29T13:29:33.898Z" }
wheels = [
    { url = "https://files.pythonhosted.org/packages/f4/7e/a72dd26f3b0f4f2bf1dd8923c85f7ceb43172af56d63c7383eb62b332364/pygments-2.20.0-py3-none-any.whl", hash = "sha256:81a9e26dd42fd28a23a2d169d86d7ac03b46e2f8b59ed4698fb4785f946d0176", size = 1231151, upload-time = "2026-03-29T13:29:30.038Z" },
]

[[package]]
name = "pyproject-api"
version = "1.10.1"
source = { registry = "https://pypi.org/simple" }
dependencies = [
    { name = "packaging" },
]
sdist = { url = "https://files.pythonhosted.org/packages/62/62/0fe346fe380b1aafaf819c8cb195d3241bb4f355f908e6339814131a830b/pyproject_api-1.10.1.tar.gz", hash = "sha256:c2b2726bd7aa9217b6c50b621fef5b2ae5def4d55b779c9e0694c15e0a8517ba", size = 23477, upload-time = "2026-05-28T14:22:14.049Z" }
wheels = [
    { url = "https://files.pythonhosted.org/packages/79/d7/29e1e5e882f79133631f7bcace42d23db493f616463c157a1ab614bf69dd/pyproject_api-1.10.1-py3-none-any.whl", hash = "sha256:fa9e6f66c35b5017e909825d8f2b5d5482ea699d7be809d21c03bd1f7317f36a", size = 12992, upload-time = "2026-05-28T14:22:12.711Z" },
]

[[package]]
name = "pyright"
version = "1.1.411"
source = { registry = "https://pypi.org/simple" }
dependencies = [
    { name = "nodeenv" },
    { name = "typing-extensions" },
]
sdist = { url = "https://files.pythonhosted.org/packages/7e/ab/265f7dc69d28113ebba19092e57b075f41543b2ed048429c5f56e2b88eac/pyright-1.1.411.tar.gz", hash = "sha256:d885a0551f2e763b089a02702174e7f4ba77548cddabc972ab86d1f7f1b0f998", size = 4112861, upload-time = "2026-06-25T02:14:06.37Z" }
wheels = [
    { url = "https://files.pythonhosted.org/packages/0a/49/385be530a6a5b78d1cbcd5c2e38debc8959a2fc6bdb716f4e581002979fc/pyright-1.1.411-py3-none-any.whl", hash = "sha256:dc7c72a8e2700c55baa127554040e067041ea53ccfd50bf96308cc4291c7d5d9", size = 6181526, upload-time = "2026-06-25T02:14:04.691Z" },
]

[[package]]
name = "pytest"
version = "9.1.1"
source = { registry = "https://pypi.org/simple" }
dependencies = [
    { name = "colorama", marker = "sys_platform == 'win32'" },
    { name = "iniconfig" },
    { name = "packaging" },
    { name = "pluggy" },
    { name = "pygments" },
]
sdist = { url = "https://files.pythonhosted.org/packages/e4/47/b9efed96c114afcfa3c9d3fe98a76a1d14c74a9e266d397cf6eb64be5e01/pytest-9.1.1.tar.gz", hash = "sha256:1088fbde8f2b49d95a549a195707afa7a76a3ce9bcadc26b6d71f0ffda5fe313", size = 1636369, upload-time = "2026-06-19T10:58:32.857Z" }
wheels = [
    { url = "https://files.pythonhosted.org/packages/24/25/1de2678b631f5a49215c6c96fff41ba892b0a34df68d6d80292b1b48aa7f/pytest-9.1.1-py3-none-any.whl", hash = "sha256:37a86b45efb9a47a61a36449063e8e18d0cab3161329fc099eb21783169c4f0c", size = 386536, upload-time = "2026-06-19T10:58:31.347Z" },
]

[[package]]
name = "python-discovery"
version = "1.4.0"
source = { registry = "https://pypi.org/simple" }
dependencies = [
    { name = "filelock" },
    { name = "platformdirs" },
]
sdist = { url = "https://files.pythonhosted.org/packages/a6/12/38c1a0b1e64806780c9563e3fc9f6e472251839662587cfbe9bfaf2ae10a/python_discovery-1.4.0.tar.gz", hash = "sha256:eb8bc7daad3c226c147e45bb4e970a1feb1bf4048ee178e6db59e197b8010ce3", size = 68455, upload-time = "2026-05-28T01:15:37.639Z" }
wheels = [
    { url = "https://files.pythonhosted.org/packages/c8/8d/3d316429f65029532bb1e28ff77b797d86b5ac3915bb44ca4e19aa283d43/python_discovery-1.4.0-py3-none-any.whl", hash = "sha256:26ed78d703e234879a66244c7d4114563fb13ec5cd30a2d1357e5fb4850782da", size = 33217, upload-time = "2026-05-28T01:15:36.573Z" },
]

[[package]]
name = "ruff"
version = "0.16.1"
source = { registry = "https://pypi.org/simple" }
sdist = { url = "https://files.pythonhosted.org/packages/70/25/7113f6d5498888c5fb7db34081cba7d5971c4cb1bfb26819966eee68f003/ruff-0.16.1.tar.gz", hash = "sha256:fedad7c801dabd3fb9741d76aca39246e6ddd9ca446a015875207bf19f1e6bc7", size = 4877500, upload-time = "2026-07-30T19:37:01.379Z" }
wheels = [
    { url = "https://files.pythonhosted.org/packages/1b/bd/694da69368e0973de65df2ddc73ab18d43c469d5963d9b150911de6bc513/ruff-0.16.1-py3-none-linux_armv6l.whl", hash = "sha256:58edb313b88f0c5460a26adf5f39a37a3be789494a15e3e411e35fa78b89f9a0", size = 10839126, upload-time = "2026-07-30T19:36:13.697Z" },
    { url = "https://files.pythonhosted.org/packages/3f/f0/b626e5d5bd0dd9576263658ef12885e2288afd1029a48e26ffed65ec1ac1/ruff-0.16.1-py3-none-macosx_10_12_x86_64.whl", hash = "sha256:fde5a99e2f97479af66edd6622c6d5a2a7592c77cf4153d9e4428f5eeb55b60c", size = 11070253, upload-time = "2026-07-30T19:36:17.14Z" },
    { url = "https://files.pythonhosted.org/packages/83/63/f40acfb6b35b88623e71684942b552c3edd96035f5d98f313815f7b277de/ruff-0.16.1-py3-none-macosx_11_0_arm64.whl", hash = "sha256:e0d4c20532fca4f7fa609369161d968dd28f65d83dabbd61d8e9c7edbf7001f6", size = 10561425, upload-time = "2026-07-30T19:36:20.04Z" },
    { url = "https://files.pythonhosted.org/packages/aa/dd/14ec0e9c2b4d315547dd38765004b4863e354e1b52cb308272215d9f6f6d/ruff-0.16.1-py3-none-manylinux_2_17_aarch64.manylinux2014_aarch64.whl", hash = "sha256:30affbcedf59ad5703d9c91f82266e02b47739f797e1a7b6e158e5526a6dae38", size = 10948879, upload-time = "2026-07-30T19:36:22.476Z" },
    { url = "https://files.pythonhosted.org/packages/33/e9/9d870cbae575030fdef595f04b4b97573c525b5497cce4f4498cf2f85446/ruff-0.16.1-py3-none-manylinux_2_17_armv7l.manylinux2014_armv7l.whl", hash = "sha256:24e9c631573cbca9d20f1283f8f479b2afa4a8503504822bd71a293889f16743", size = 10643691, upload-time = "2026-07-30T19:36:24.914Z" },
    { url = "https://files.pythonhosted.org/packages/c4/09/12743d544e2173f53ecd27217c65f90d2bc0f8424a66a60339e56bbc0457/ruff-0.16.1-py3-none-manylinux_2_17_i686.manylinux2014_i686.whl", hash = "sha256:b41bdd48fb420987a9b5212e4957c26ad4abce401fa9ea9d4d85843727945f4f", size = 11435354, upload-time = "2026-07-30T19:36:28.447Z" },
    { url = "https://files.pythonhosted.org/packages/7f/89/a1652b2daee52083c9554a6333b678a8b01d0400f976827bb87857f9449a/ruff-0.16.1-py3-none-manylinux_2_17_ppc64le.manylinux2014_ppc64le.whl", hash = "sha256:b0d1e1393b7648079e13669de1c1f4fde06d4583e84d8fd5c1551e0a77a2aa75", size = 12259033, upload-time = "2026-07-30T19:36:31.326Z" },
    { url = "https://files.pythonhosted.org/packages/16/96/ecdcb8c54ee7b123b487f807eb014e6e019155a0b81dfb669acd52f28ce3/ruff-0.16.1-py3-none-manylinux_2_17_s390x.manylinux2014_s390x.whl", hash = "sha256:07bf434b1c95f4e093be4532068ef4fcf00924eb2ade8796075980902d6fd54a", size = 11667981, upload-time = "2026-07-30T19:36:34.394Z" },
    { url = "https://files.pythonhosted.org/packages/cd/90/c52e12e0d862e9572f2a33aa227409143520abe53111e9a6babbac7b4af8/ruff-0.16.1-py3-none-manylinux_2_17_x86_64.manylinux2014_x86_64.whl", hash = "sha256:39897739f112253ee4fdd2e8aa9a4f9ded99fb2be367d5f31dfa4ded6025584c", size = 11468183, upload-time = "2026-07-30T19:36:37.339Z" },
    { url = "https://files.pythonhosted.org/packages/2c/6b/4ffb7ad1d83eb16cf8cbb3c8815d3f11c88460fd162d4b372a2059be1c2a/ruff-0.16.1-py3-none-manylinux_2_31_riscv64.whl", hash = "sha256:82ae3c0c0d74daf17b968a10b7b3bb3ef297ab7de0c1f749646b25e690ccb150", size = 11470071, upload-time = "2026-07-30T19:36:39.91Z" },
    { url = "https://files.pythonhosted.org/packages/9c/72/32ae7db4c0b5e32ab611787caa19d1546800676d79f7483b7100a3561bf4/ruff-0.16.1-py3-none-musllinux_1_2_aarch64.whl", hash = "sha256:4d5f2ed10f8242d83fc08d521301089364e3375375705356f20c0e31606ef3ef", size = 10919503, upload-time = "2026-07-30T19:36:42.65Z" },
    { url = "https://files.pythonhosted.org/packages/f7/ca/3d901ba6ad6fc38da39c3448fc6c59ac945679293a17c3ceb6d6c1cba13e/ruff-0.16.1-py3-none-musllinux_1_2_armv7l.whl", hash = "sha256:a4665b309891f83f3e3c25447935f1213e9abbd4b5640af7a1f2def9f8d413c1", size = 10649861, upload-time = "2026-07-30T19:36:45.18Z" },
    { url = "https://files.pythonhosted.org/packages/92/79/894ef1ced26552d5f8c9cf6d85b0687840e1128c55aeab7b9c2d54a0d880/ruff-0.16.1-py3-none-musllinux_1_2_i686.whl", hash = "sha256:26e9ca5c9bc3971f20d3cf18a957f52ffd6a5f6564ff15c4912a144dcac22494", size = 11148137, upload-time = "2026-07-30T19:36:47.936Z" },
    { url = "https://files.pythonhosted.org/packages/2d/69/3609a09fa1cb46cc28b762363e440a354204e5dff01bd0c8d7437874d6b9/ruff-0.16.1-py3-none-musllinux_1_2_x86_64.whl", hash = "sha256:67e1e1e3fa4f0c82f0e36d4cd61e661f6e7a6196cb1aa92fe0828fa7b8f257cd", size = 11559211, upload-time = "2026-07-30T19:36:50.448Z" },
    { url = "https://files.pythonhosted.org/packages/fc/8a/fb22af2fd78a736e241fabf67e30ce1799a64244026377a49e133af90762/ruff-0.16.1-py3-none-win32.whl", hash = "sha256:d31765e131295b8445caf301e3e8a85b34d1b9b211b4109b7ba457888b051806", size = 10838258, upload-time = "2026-07-30T19:36:53.298Z" },
    { url = "https://files.pythonhosted.org/packages/d4/35/e57fd9fb5d423961df087a00b12d42c0a830288dc2f3b45ecca299158b4f/ruff-0.16.1-py3-none-win_amd64.whl", hash = "sha256:09b05e8b90c2cb06ad63464350e7a45e8e44a2dfe52072ebfba6666ca8d3f596", size = 11961111, upload-time = "2026-07-30T19:36:56.107Z" },
    { url = "https://files.pythonhosted.org/packages/cb/46/240ea004bf6dc4feb40e9832f2205a476a47dd5b8a3f8211a5fc5f95e20e/ruff-0.16.1-py3-none-win_arm64.whl", hash = "sha256:dbaadaac38c70239f056d306b7476f246b0bf000fa6b3876402acbf5b227eaf8", size = 11309414, upload-time = "2026-07-30T19:36:58.79Z" },
]

[[package]]
name = "tomli-w"
version = "1.2.0"
source = { registry = "https://pypi.org/simple" }
sdist = { url = "https://files.pythonhosted.org/packages/19/75/241269d1da26b624c0d5e110e8149093c759b7a286138f4efd61a60e75fe/tomli_w-1.2.0.tar.gz", hash = "sha256:2dd14fac5a47c27be9cd4c976af5a12d87fb1f0b4512f81d69cce3b35ae25021", size = 7184, upload-time = "2025-01-15T12:07:24.262Z" }
wheels = [
    { url = "https://files.pythonhosted.org/packages/c7/18/c86eb8e0202e32dd3df50d43d7ff9854f8e0603945ff398974c1d91ac1ef/tomli_w-1.2.0-py3-none-any.whl", hash = "sha256:188306098d013b691fcadc011abd66727d3c414c571bb01b1a174ba8c983cf90", size = 6675, upload-time = "2025-01-15T12:07:22.074Z" },
]

[[package]]
name = "tox"
version = "4.55.1"
source = { registry = "https://pypi.org/simple" }
dependencies = [
    { name = "cachetools" },
    { name = "colorama" },
    { name = "filelock" },
    { name = "packaging" },
    { name = "platformdirs" },
    { name = "pluggy" },
    { name = "pyproject-api" },
    { name = "python-discovery" },
    { name = "tomli-w" },
    { name = "virtualenv" },
]
sdist = { url = "https://files.pythonhosted.org/packages/79/5b/4f09156a3f7bf3c4fa23212717f097c59126d81e2c557e6fd872a62db38a/tox-4.55.1.tar.gz", hash = "sha256:0678fbf26dd5b559b1ef128fa4388325920219322ebc8cc5f3497627c00f4472", size = 280676, upload-time = "2026-06-03T20:01:03.487Z" }
wheels = [
    { url = "https://files.pythonhosted.org/packages/bb/fd/394f00f3d3e23d87eb7b20276d88fe835e48780d3eb30e6f362428bb80c8/tox-4.55.1-py3-none-any.whl", hash = "sha256:e2084be6dfdef96ba1bed4948e6a1f73613d6952e1477be5dca45653d4c053c8", size = 215360, upload-time = "2026-06-03T20:01:01.967Z" },
]

[[package]]
name = "tox-uv"
version = "1.36.0"
source = { registry = "https://pypi.org/simple" }
dependencies = [
    { name = "tox-uv-bare" },
    { name = "uv" },
]
wheels = [
    { url = "https://files.pythonhosted.org/packages/f9/d7/3fce976b9e295218a2d7e541e0f1e9b1259cb893de7a8d277952a66a798d/tox_uv-1.36.0-py3-none-any.whl", hash = "sha256:5f81b39be3fe4e14c6b9bb7ba637ed97d34efa6214efd5f525d95ee9559a99ac", size = 6564, upload-time = "2026-07-21T13:09:54.316Z" },
]

[[package]]
name = "tox-uv-bare"
version = "1.36.0"
source = { registry = "https://pypi.org/simple" }
dependencies = [
    { name = "packaging" },
    { name = "tox" },
]
sdist = { url = "https://files.pythonhosted.org/packages/56/df/9f90a59de8c87cece6e691eee53dc1cb0a824d73aea8f380ae2f6ecb71de/tox_uv_bare-1.36.0.tar.gz", hash = "sha256:d9b0a2fd0f74fa65d9597108f8a0ef7abb08651c9196a998a6073b781b45cfd0", size = 32548, upload-time = "2026-07-21T13:09:56.435Z" }
wheels = [
    { url = "https://files.pythonhosted.org/packages/f7/0a/6dc462e4fb543305283a6157c80f43e3d12ca4702da6ae6521d541c6b55c/tox_uv_bare-1.36.0-py3-none-any.whl", hash = "sha256:ba397dd0396df95a75744d4e42a50ee27207c0ffcf277b62ffba9c3de455a939", size = 22489, upload-time = "2026-07-21T13:09:55.389Z" },
]

[[package]]
name = "typing-extensions"
version = "4.12.2"
source = { registry = "https://pypi.org/simple" }
sdist = { url = "https://files.pythonhosted.org/packages/df/db/f35a00659bc03fec321ba8bce9420de607a1d37f8342eee1863174c69557/typing_extensions-4.12.2.tar.gz", hash = "sha256:1a7ead55c7e559dd4dee8856e3a88b41225abfe1ce8df57b7c13915fe121ffb8", size = 85321, upload-time = "2024-06-07T18:52:15.995Z" }
wheels = [
    { url = "https://files.pythonhosted.org/packages/26/9f/ad63fc0248c5379346306f8668cda6e2e2e9c95e01216d2b8ffd9ff037d0/typing_extensions-4.12.2-py3-none-any.whl", hash = "sha256:04e5ca0351e0f3f85c6853954072df659d0d13fac324d0072316b67d7794700d", size = 37438, upload-time = "2024-06-07T18:52:13.582Z" },
]

[[package]]
name = "uv"
version = "0.11.19"
source = { registry = "https://pypi.org/simple" }
sdist = { url = "https://files.pythonhosted.org/packages/67/f0/6254502aebfdc0a9df6069269a126dd58252ac29d2d6cdf4777cea3e90b5/uv-0.11.19.tar.gz", hash = "sha256:f56f5bf853626a30423052d7ee00bf5cc940a08347d6ee7ede96862d084054a5", size = 4213580, upload-time = "2026-06-03T22:37:15.976Z" }
wheels = [
    { url = "https://files.pythonhosted.org/packages/1a/73/be32c2f6ba30fa9d8b3baceb478107cc23722d4aaab87145a332e4985185/uv-0.11.19-py3-none-linux_armv6l.whl", hash = "sha256:c729f56ffef9b945053412c839695e8a0b13758aa15b7763e95a7dd539a6f522", size = 23620003, upload-time = "2026-06-03T22:37:53.017Z" },
    { url = "https://files.pythonhosted.org/packages/fd/ed/3aefe4a4ca4ac9204c6745670dbe12f4add69194d40f5abd1c7bd45ba9af/uv-0.11.19-py3-none-macosx_10_12_x86_64.whl", hash = "sha256:a98495b9dd67287d8c1a0786f98cb037a50f0ee6c3d648572edaa7137aabc277", size = 23183211, upload-time = "2026-06-03T22:37:20.699Z" },
    { url = "https://files.pythonhosted.org/packages/5b/eb/5d1469f9e709d56066f292978711fbf1f805b7fb46f901d3c1f260fd9908/uv-0.11.19-py3-none-macosx_11_0_arm64.whl", hash = "sha256:7fdd881cd6d80782afcf8c1d446dd15a42985167fd812b763d38ba1e4a8d944d", size = 21754003, upload-time = "2026-06-03T22:37:05.027Z" },
    { url = "https://files.pythonhosted.org/packages/7b/93/109b5ee6678f54492f94fdef74149643eaa1f2f4716906a2a10816b31247/uv-0.11.19-py3-none-manylinux_2_17_aarch64.manylinux2014_aarch64.musllinux_1_1_aarch64.whl", hash = "sha256:7222f45b5541551057bfc2e3021f113800704f665c119fdf3ea700c6c4859b21", size = 23518832, upload-time = "2026-06-03T22:37:28.794Z" },
    { url = "https://files.pythonhosted.org/packages/08/0c/8c59bbcf78e94ca9994256920efa99d1c4dc9d0b966eb62ebba075585a16/uv-0.11.19-py3-none-manylinux_2_17_armv7l.manylinux2014_armv7l.musllinux_1_1_armv7l.whl", hash = "sha256:2e0e0b8ad59ec56f1440d6e4313b64a1d8119275dcec73d19eef33c43f99428c", size = 23163128, upload-time = "2026-06-03T22:37:23.226Z" },
    { url = "https://files.pythonhosted.org/packages/89/d6/69caf9e6f11c84b5fb92df190b46fbecb7dc6645ae891c6ed66d7aaaa310/uv-0.11.19-py3-none-manylinux_2_17_armv7l.manylinux2014_armv7l.whl", hash = "sha256:f4aa17ffd719daf37b7a6265efd3ee4922a8ddaabaf0406d2b28c7e5ce2f20ff", size = 23164395, upload-time = "2026-06-03T22:37:18.11Z" },
    { url = "https://files.pythonhosted.org/packages/d6/83/0c2242b77c51ac33a0ddd8b06790429a0b8b9623974c9594ab2b0070ec47/uv-0.11.19-py3-none-manylinux_2_17_i686.manylinux2014_i686.whl", hash = "sha256:32d7988c0dfb6f90941f201c871a4478e96e4f2a32bdb2256d62a78ee20593fc", size = 24541708, upload-time = "2026-06-03T22:37:08.093Z" },
    { url = "https://files.pythonhosted.org/packages/54/10/b1404fc52c0eddc3655f57a8b76e79dcf8dd02568382272f17e2fa68c4bb/uv-0.11.19-py3-none-manylinux_2_17_ppc64le.manylinux2014_ppc64le.whl", hash = "sha256:2d663bacb97e2e8412d1c26eace28c7ebbde9d6f5d7d78760fafd114d693817f", size = 25575501, upload-time = "2026-06-03T22:37:47.526Z" },
    { url = "https://files.pythonhosted.org/packages/7c/17/4cda5994195ba9ce1f6971d40d5f2ceec58e2a79030d9052b3bf322557b1/uv-0.11.19-py3-none-manylinux_2_17_s390x.manylinux2014_s390x.whl", hash = "sha256:574f5dd4f31666661ea6386d3b91c5f0e8b84a8cae98ebba447c4674f2e6a4c7", size = 24827200, upload-time = "2026-06-03T22:37:34.039Z" },
    { url = "https://files.pythonhosted.org/packages/5a/74/2bd8b51e1d76210fd424ae55ec3f34ded5a10eeff3dd38aeb03c816a0af2/uv-0.11.19-py3-none-manylinux_2_17_x86_64.manylinux2014_x86_64.whl", hash = "sha256:731d9fab8db5d41590af64236d03f8069c8da665fd0f9493b85985f19c86cd90", size = 24872664, upload-time = "2026-06-03T22:37:11.301Z" },
    { url = "https://files.pythonhosted.org/packages/06/b1/44b0764f656bbdd0728118610a63f2feddd9cbe450f974d80c5bb56aad34/uv-0.11.19-py3-none-manylinux_2_28_aarch64.whl", hash = "sha256:301fd78309fc545c2cec2bfcc61a6bbdde876856c6d2041502737cf44085c178", size = 23617890, upload-time = "2026-06-03T22:37:44.796Z" },
    { url = "https://files.pythonhosted.org/packages/d2/25/312fa33cd4c34e7618f86cad0c9fdb312d8fef2e7fc61944c1a2f1bf1256/uv-0.11.19-py3-none-manylinux_2_31_riscv64.musllinux_1_1_riscv64.whl", hash = "sha256:62b0b35a51d3034ff30ecd0f381e9bbc20d5b335754f54b098da29424d551ceb", size = 24267220, upload-time = "2026-06-03T22:37:39.425Z" },
    { url = "https://files.pythonhosted.org/packages/8d/25/13856aeff9e14c98ee3e1ceae4d209301cbdeabde93abcd758433601dc82/uv-0.11.19-py3-none-manylinux_2_31_riscv64.whl", hash = "sha256:65e932720daed1af1f720a0ff5f9b33ee5f7ad97488dcceceb85154fc1323b82", size = 24376177, upload-time = "2026-06-03T22:37:50.276Z" },
    { url = "https://files.pythonhosted.org/packages/45/7d/590b3ab420e03504cf658d2981e1fcb4af60f3858d42da1d4d8740141dd9/uv-0.11.19-py3-none-musllinux_1_1_i686.whl", hash = "sha256:8f90b6687a480d154595aa619fb836a9a20d00ce37293db8099aad924f2b18f9", size = 23808336, upload-time = "2026-06-03T22:37:26.086Z" },
    { url = "https://files.pythonhosted.org/packages/9e/8e/40acebd4ea419c870930580623e8367e23d810a0ecb8cc2f44d852a27293/uv-0.11.19-py3-none-musllinux_1_1_x86_64.whl", hash = "sha256:28b0d612a766eb25756dbaa315433b726e93affa467d29a2682cc317547952ba", size = 25080747, upload-time = "2026-06-03T22:37:13.886Z" },
    { url = "https://files.pythonhosted.org/packages/9c/d3/4037b2acb2bb73b1a3ee47a1d23864ecc503f5840387afd29f621d4fd2ec/uv-0.11.19-py3-none-win32.whl", hash = "sha256:aa6a7e8d07b33ad22f4732848ebb1d9486503973c248d6e632c06ce4339fe347", size = 22459533, upload-time = "2026-06-03T22:37:36.741Z" },
    { url = "https://files.pythonhosted.org/packages/d4/43/f374fad7ad94e4a8c47cf09f00d803c76c6cc7f225668c41f4e2fb5de000/uv-0.11.19-py3-none-win_amd64.whl", hash = "sha256:480fc34a8d0967af6a90b3f99a6e5687cd5c6e29528de96bec04d6e305a59363", size = 25143888, upload-time = "2026-06-03T22:37:42.169Z" },
    { url = "https://files.pythonhosted.org/packages/18/98/d2db53ae036528b0a9407529ef175ee200b01f626c9c160978784c8af870/uv-0.11.19-py3-none-win_arm64.whl", hash = "sha256:50e4d4796ca1a6da359a4f723a0fea86640c381d3ff4fa759a41badd7cb52dee", size = 23601290, upload-time = "2026-06-03T22:37:31.393Z" },
]

[[package]]
name = "virtualenv"
version = "21.4.2"
source = { registry = "https://pypi.org/simple" }
dependencies = [
    { name = "distlib" },
    { name = "filelock" },
    { name = "platformdirs" },
    { name = "python-discovery" },
]
sdist = { url = "https://files.pythonhosted.org/packages/e1/0d/4e93c8e6d1001a75763f87d8f5ecda8ebc7f4aa2153dddfaf4ae8892821a/virtualenv-21.4.2.tar.gz", hash = "sha256:38e6ee0a555615c0ea9da2ac7e9998fe8dc3b911dd33ad8eaad2020957653b0c", size = 7613326, upload-time = "2026-05-31T17:01:22.827Z" }
wheels = [
    { url = "https://files.pythonhosted.org/packages/bf/c4/557dc082be035381b85fdb2b74e21d3d21b57750b74f2b47a32f3a639ff9/virtualenv-21.4.2-py3-none-any.whl", hash = "sha256:854210ca524a1a4d0d744734f4acbc721c3ffe163b85bbf5d56d14d5ae2f0fae", size = 7594079, upload-time = "2026-05-31T17:01:20.735Z" },
]
